
Microsoft Visual Studio Solution File, Format Version 12.00
# Visual Studio Version 16
VisualStudioVersion = 16.0.31321.278
MinimumVisualStudioVersion = 10.0.40219.1
Project("{9A19103F-16F7-4668-BE54-9A1E7A4F7556}") = "ECommerce.API.Products", "ECommerce.API.Products\ECommerce.API.Products.csproj", "{B0778871-3DDA-456B-BE9B-3317E9113D5B}"
EndProject
Project("{9A19103F-16F7-4668-BE54-9A1E7A4F7556}") = "ECommerce.API.Customers", "ECommerce.API.Customers\ECommerce.API.Customers.csproj", "{78BADE35-0ABE-4829-AC19-F30275DCDBF5}"
EndProject
Project("{9A19103F-16F7-4668-BE54-9A1E7A4F7556}") = "ECommerce.API.Orders", "ECommerce.API.Orders\ECommerce.API.Orders.csproj", "{BFB92490-1F5A-4287-A1CD-5CD0B461034F}"
EndProject
Project("{9A19103F-16F7-4668-BE54-9A1E7A4F7556}") = "ECommerce.API.Search", "ECommerce.API.Search\ECommerce.API.Search.csproj", "{13B449B2-8FA7-4A75-AF33-334FA5F68F41}"
EndProject
Project("{9A19103F-16F7-4668-BE54-9A1E7A4F7556}") = "eCommerce.API.Products.Tests", "eCommerce.API.Products.Tests\eCommerce.API.Products.Tests.csproj", "{37A11988-BF90-4AA3-AEA3-34DC0EFC5B36}"
EndProject
Project("{E53339B2-1760-4266-BCC7-CA923CBCF16C}") = "docker-compose", "docker-compose.dcproj", "{AF5E9B70-6705-4877-B836-A55A13956A87}"
EndProject
Global
	GlobalSection(SolutionConfigurationPlatforms) = preSolution
		Debug|Any CPU = Debug|Any CPU
		Release|Any CPU = Release|Any CPU
	EndGlobalSection
	GlobalSection(ProjectConfigurationPlatforms) = postSolution
		{B0778871-3DDA-456B-BE9B-3317E9113D5B}.Debug|Any CPU.ActiveCfg = Debug|Any CPU
		{B0778871-3DDA-456B-BE9B-3317E9113D5B}.Debug|Any CPU.Build.0 = Debug|Any CPU
		{B0778871-3DDA-456B-BE9B-3317E9113D5B}.Release|Any CPU.ActiveCfg = Release|Any CPU
		{B0778871-3DDA-456B-BE9B-3317E9113D5B}.Release|Any CPU.Build.0 = Release|Any CPU
		{78BADE35-0ABE-4829-AC19-F30275DCDBF5}.Debug|Any CPU.ActiveCfg = Debug|Any CPU
		{78BADE35-0ABE-4829-AC19-F30275DCDBF5}.Debug|Any CPU.Build.0 = Debug|Any CPU
		{78BADE35-0ABE-4829-AC19-F30275DCDBF5}.Release|Any CPU.ActiveCfg = Release|Any CPU
		{78BADE35-0ABE-4829-AC19-F30275DCDBF5}.Release|Any CPU.Build.0 = Release|Any CPU
		{BFB92490-1F5A-4287-A1CD-5CD0B461034F}.Debug|Any CPU.ActiveCfg = Debug|Any CPU
		{BFB92490-1F5A-4287-A1CD-5CD0B461034F}.Debug|Any CPU.Build.0 = Debug|Any CPU
		{BFB92490-1F5A-4287-A1CD-5CD0B461034F}.Release|Any CPU.ActiveCfg = Release|Any CPU
		{BFB92490-1F5A-4287-A1CD-5CD0B461034F}.Release|Any CPU.Build.0 = Release|Any CPU
		{13B449B2-8FA7-4A75-AF33-334FA5F68F41}.Debug|Any CPU.ActiveCfg = Debug|Any CPU
		{13B449B2-8FA7-4A75-AF33-334FA5F68F41}.Debug|Any CPU.Build.0 = Debug|Any CPU
		{13B449B2-8FA7-4A75-AF33-334FA5F68F41}.Release|Any CPU.ActiveCfg = Release|Any CPU
		{13B449B2-8FA7-4A75-AF33-334FA5F68F41}.Release|Any CPU.Build.0 = Release|Any CPU
		{37A11988-BF90-4AA3-AEA3-34DC0EFC5B36}.Debug|Any CPU.ActiveCfg = Debug|Any CPU
		{37A11988-BF90-4AA3-AEA3-34DC0EFC5B36}.Debug|Any CPU.Build.0 = Debug|Any CPU
		{37A11988-BF90-4AA3-AEA3-34DC0EFC5B36}.Release|Any CPU.ActiveCfg = Release|Any CPU
		{37A11988-BF90-4AA3-AEA3-34DC0EFC5B36}.Release|Any CPU.Build.0 = Release|Any CPU
		{AF5E9B70-6705-4877-B836-A55A13956A87}.Debug|Any CPU.ActiveCfg = Debug|Any CPU
		{AF5E9B70-6705-4877-B836-A55A13956A87}.Debug|Any CPU.Build.0 = Debug|Any CPU
		{AF5E9B70-6705-4877-B836-A55A13956A87}.Release|Any CPU.ActiveCfg = Release|Any CPU
		{AF5E9B70-6705-4877-B836-A55A13956A87}.Release|Any CPU.Build.0 = Release|Any CPU
	EndGlobalSection
	GlobalSection(SolutionProperties) = preSolution
		HideSolutionNode = FALSE
	EndGlobalSection
	GlobalSection(ExtensibilityGlobals) = postSolution
		SolutionGuid = {14A73E36-9B89-4138-9E97-0F48B4003D67}
	EndGlobalSection
EndGlobal
